
Microsoft Visual Studio Solution File, Format Version 12.00
# Visual Studio Version 17
VisualStudioVersion = 17.0.31903.59
MinimumVisualStudioVersion = 10.0.40219.1
Project("{2150E333-8FDC-42A3-9474-1A3956D46DE8}") = "SettlementService", "SettlementService", "{B9B45376-0B9C-FBD9-D276-CA7C7D1F94AF}"
EndProject
Project("{FAE04EC0-301F-11D3-BF4B-00C04F79EFBC}") = "ClearSettle.Domain", "SettlementService\ClearSettle.Domain\ClearSettle.Domain.csproj", "{12212A81-B31F-48E2-A252-0ADA28A5AAB7}"
EndProject
Project("{FAE04EC0-301F-11D3-BF4B-00C04F79EFBC}") = "ClearSettle.Application", "SettlementService\ClearSettle.Application\ClearSettle.Application.csproj", "{BA6C12E9-994D-416A-8B22-8088CF9A97DD}"
EndProject
Project("{FAE04EC0-301F-11D3-BF4B-00C04F79EFBC}") = "ClearSettle.Infrastructure", "SettlementService\ClearSettle.Infrastructure\ClearSettle.Infrastructure.csproj", "{7C6D39C3-938D-41A0-98DB-98A43DC28205}"
EndProject
Project("{FAE04EC0-301F-11D3-BF4B-00C04F79EFBC}") = "ClearSettle.Api", "SettlementService\ClearSettle.Api\ClearSettle.Api.csproj", "{3AA12D53-AA20-468C-A340-BCA774B1656A}"
EndProject
Project("{FAE04EC0-301F-11D3-BF4B-00C04F79EFBC}") = "ClearSettle.Worker", "SettlementService\ClearSettle.Worker\ClearSettle.Worker.csproj", "{0CCD322A-4AF0-4B79-9736-2642B2561DF2}"
EndProject
Project("{FAE04EC0-301F-11D3-BF4B-00C04F79EFBC}") = "ClearSettle.Tests", "SettlementService\ClearSettle.Tests\ClearSettle.Tests.csproj", "{0F994733-C473-42DC-BE5E-846DA1E46369}"
EndProject
Global
	GlobalSection(SolutionConfigurationPlatforms) = preSolution
		Debug|Any CPU = Debug|Any CPU
		Debug|x64 = Debug|x64
		Debug|x86 = Debug|x86
		Release|Any CPU = Release|Any CPU
		Release|x64 = Release|x64
		Release|x86 = Release|x86
	EndGlobalSection
	GlobalSection(ProjectConfigurationPlatforms) = postSolution
		{12212A81-B31F-48E2-A252-0ADA28A5AAB7}.Debug|Any CPU.ActiveCfg = Debug|Any CPU
		{12212A81-B31F-48E2-A252-0ADA28A5AAB7}.Debug|Any CPU.Build.0 = Debug|Any CPU
		{12212A81-B31F-48E2-A252-0ADA28A5AAB7}.Debug|x64.ActiveCfg = Debug|Any CPU
		{12212A81-B31F-48E2-A252-0ADA28A5AAB7}.Debug|x64.Build.0 = Debug|Any CPU
		{12212A81-B31F-48E2-A252-0ADA28A5AAB7}.Debug|x86.ActiveCfg = Debug|Any CPU
		{12212A81-B31F-48E2-A252-0ADA28A5AAB7}.Debug|x86.Build.0 = Debug|Any CPU
		{12212A81-B31F-48E2-A252-0ADA28A5AAB7}.Release|Any CPU.ActiveCfg = Release|Any CPU
		{12212A81-B31F-48E2-A252-0ADA28A5AAB7}.Release|Any CPU.Build.0 = Release|Any CPU
		{12212A81-B31F-48E2-A252-0ADA28A5AAB7}.Release|x64.ActiveCfg = Release|Any CPU
		{12212A81-B31F-48E2-A252-0ADA28A5AAB7}.Release|x64.Build.0 = Release|Any CPU
		{12212A81-B31F-48E2-A252-0ADA28A5AAB7}.Release|x86.ActiveCfg = Release|Any CPU
		{12212A81-B31F-48E2-A252-0ADA28A5AAB7}.Release|x86.Build.0 = Release|Any CPU
		{BA6C12E9-994D-416A-8B22-8088CF9A97DD}.Debug|Any CPU.ActiveCfg = Debug|Any CPU
		{BA6C12E9-994D-416A-8B22-8088CF9A97DD}.Debug|Any CPU.Build.0 = Debug|Any CPU
		{BA6C12E9-994D-416A-8B22-8088CF9A97DD}.Debug|x64.ActiveCfg = Debug|Any CPU
		{BA6C12E9-994D-416A-8B22-8088CF9A97DD}.Debug|x64.Build.0 = Debug|Any CPU
		{BA6C12E9-994D-416A-8B22-8088CF9A97DD}.Debug|x86.ActiveCfg = Debug|Any CPU
		{BA6C12E9-994D-416A-8B22-8088CF9A97DD}.Debug|x86.Build.0 = Debug|Any CPU
		{BA6C12E9-994D-416A-8B22-8088CF9A97DD}.Release|Any CPU.ActiveCfg = Release|Any CPU
		{BA6C12E9-994D-416A-8B22-8088CF9A97DD}.Release|Any CPU.Build.0 = Release|Any CPU
		{BA6C12E9-994D-416A-8B22-8088CF9A97DD}.Release|x64.ActiveCfg = Release|Any CPU
		{BA6C12E9-994D-416A-8B22-8088CF9A97DD}.Release|x64.Build.0 = Release|Any CPU
		{BA6C12E9-994D-416A-8B22-8088CF9A97DD}.Release|x86.ActiveCfg = Release|Any CPU
		{BA6C12E9-994D-416A-8B22-8088CF9A97DD}.Release|x86.Build.0 = Release|Any CPU
		{7C6D39C3-938D-41A0-98DB-98A43DC28205}.Debug|Any CPU.ActiveCfg = Debug|Any CPU
		{7C6D39C3-938D-41A0-98DB-98A43DC28205}.Debug|Any CPU.Build.0 = Debug|Any CPU
		{7C6D39C3-938D-41A0-98DB-98A43DC28205}.Debug|x64.ActiveCfg = Debug|Any CPU
		{7C6D39C3-938D-41A0-98DB-98A43DC28205}.Debug|x64.Build.0 = Debug|Any CPU
		{7C6D39C3-938D-41A0-98DB-98A43DC28205}.Debug|x86.ActiveCfg = Debug|Any CPU
		{7C6D39C3-938D-41A0-98DB-98A43DC28205}.Debug|x86.Build.0 = Debug|Any CPU
		{7C6D39C3-938D-41A0-98DB-98A43DC28205}.Release|Any CPU.ActiveCfg = Release|Any CPU
		{7C6D39C3-938D-41A0-98DB-98A43DC28205}.Release|Any CPU.Build.0 = Release|Any CPU
		{7C6D39C3-938D-41A0-98DB-98A43DC28205}.Release|x64.ActiveCfg = Release|Any CPU
		{7C6D39C3-938D-41A0-98DB-98A43DC28205}.Release|x64.Build.0 = Release|Any CPU
		{7C6D39C3-938D-41A0-98DB-98A43DC28205}.Release|x86.ActiveCfg = Release|Any CPU
		{7C6D39C3-938D-41A0-98DB-98A43DC28205}.Release|x86.Build.0 = Release|Any CPU
		{3AA12D53-AA20-468C-A340-BCA774B1656A}.Debug|Any CPU.ActiveCfg = Debug|Any CPU
		{3AA12D53-AA20-468C-A340-BCA774B1656A}.Debug|Any CPU.Build.0 = Debug|Any CPU
		{3AA12D53-AA20-468C-A340-BCA774B1656A}.Debug|x64.ActiveCfg = Debug|Any CPU
		{3AA12D53-AA20-468C-A340-BCA774B1656A}.Debug|x64.Build.0 = Debug|Any CPU
		{3AA12D53-AA20-468C-A340-BCA774B1656A}.Debug|x86.ActiveCfg = Debug|Any CPU
		{3AA12D53-AA20-468C-A340-BCA774B1656A}.Debug|x86.Build.0 = Debug|Any CPU
		{3AA12D53-AA20-468C-A340-BCA774B1656A}.Release|Any CPU.ActiveCfg = Release|Any CPU
		{3AA12D53-AA20-468C-A340-BCA774B1656A}.Release|Any CPU.Build.0 = Release|Any CPU
		{3AA12D53-AA20-468C-A340-BCA774B1656A}.Release|x64.ActiveCfg = Release|Any CPU
		{3AA12D53-AA20-468C-A340-BCA774B1656A}.Release|x64.Build.0 = Release|Any CPU
		{3AA12D53-AA20-468C-A340-BCA774B1656A}.Release|x86.ActiveCfg = Release|Any CPU
		{3AA12D53-AA20-468C-A340-BCA774B1656A}.Release|x86.Build.0 = Release|Any CPU
		{0CCD322A-4AF0-4B79-9736-2642B2561DF2}.Debug|Any CPU.ActiveCfg = Debug|Any CPU
		{0CCD322A-4AF0-4B79-9736-2642B2561DF2}.Debug|Any CPU.Build.0 = Debug|Any CPU
		{0CCD322A-4AF0-4B79-9736-2642B2561DF2}.Debug|x64.ActiveCfg = Debug|Any CPU
		{0CCD322A-4AF0-4B79-9736-2642B2561DF2}.Debug|x64.Build.0 = Debug|Any CPU
		{0CCD322A-4AF0-4B79-9736-2642B2561DF2}.Debug|x86.ActiveCfg = Debug|Any CPU
		{0CCD322A-4AF0-4B79-9736-2642B2561DF2}.Debug|x86.Build.0 = Debug|Any CPU
		{0CCD322A-4AF0-4B79-9736-2642B2561DF2}.Release|Any CPU.ActiveCfg = Release|Any CPU
		{0CCD322A-4AF0-4B79-9736-2642B2561DF2}.Release|Any CPU.Build.0 = Release|Any CPU
		{0CCD322A-4AF0-4B79-9736-2642B2561DF2}.Release|x64.ActiveCfg = Release|Any CPU
		{0CCD322A-4AF0-4B79-9736-2642B2561DF2}.Release|x64.Build.0 = Release|Any CPU
		{0CCD322A-4AF0-4B79-9736-2642B2561DF2}.Release|x86.ActiveCfg = Release|Any CPU
		{0CCD322A-4AF0-4B79-9736-2642B2561DF2}.Release|x86.Build.0 = Release|Any CPU
		{0F994733-C473-42DC-BE5E-846DA1E46369}.Debug|Any CPU.ActiveCfg = Debug|Any CPU
		{0F994733-C473-42DC-BE5E-846DA1E46369}.Debug|Any CPU.Build.0 = Debug|Any CPU
		{0F994733-C473-42DC-BE5E-846DA1E46369}.Debug|x64.ActiveCfg = Debug|Any CPU
		{0F994733-C473-42DC-BE5E-846DA1E46369}.Debug|x64.Build.0 = Debug|Any CPU
		{0F994733-C473-42DC-BE5E-846DA1E46369}.Debug|x86.ActiveCfg = Debug|Any CPU
		{0F994733-C473-42DC-BE5E-846DA1E46369}.Debug|x86.Build.0 = Debug|Any CPU
		{0F994733-C473-42DC-BE5E-846DA1E46369}.Release|Any CPU.ActiveCfg = Release|Any CPU
		{0F994733-C473-42DC-BE5E-846DA1E46369}.Release|Any CPU.Build.0 = Release|Any CPU
		{0F994733-C473-42DC-BE5E-846DA1E46369}.Release|x64.ActiveCfg = Release|Any CPU
		{0F994733-C473-42DC-BE5E-846DA1E46369}.Release|x64.Build.0 = Release|Any CPU
		{0F994733-C473-42DC-BE5E-846DA1E46369}.Release|x86.ActiveCfg = Release|Any CPU
		{0F994733-C473-42DC-BE5E-846DA1E46369}.Release|x86.Build.0 = Release|Any CPU
	EndGlobalSection
	GlobalSection(SolutionProperties) = preSolution
		HideSolutionNode = FALSE
	EndGlobalSection
	GlobalSection(NestedProjects) = preSolution
		{12212A81-B31F-48E2-A252-0ADA28A5AAB7} = {B9B45376-0B9C-FBD9-D276-CA7C7D1F94AF}
		{BA6C12E9-994D-416A-8B22-8088CF9A97DD} = {B9B45376-0B9C-FBD9-D276-CA7C7D1F94AF}
		{7C6D39C3-938D-41A0-98DB-98A43DC28205} = {B9B45376-0B9C-FBD9-D276-CA7C7D1F94AF}
		{3AA12D53-AA20-468C-A340-BCA774B1656A} = {B9B45376-0B9C-FBD9-D276-CA7C7D1F94AF}
		{0CCD322A-4AF0-4B79-9736-2642B2561DF2} = {B9B45376-0B9C-FBD9-D276-CA7C7D1F94AF}
		{0F994733-C473-42DC-BE5E-846DA1E46369} = {B9B45376-0B9C-FBD9-D276-CA7C7D1F94AF}
	EndGlobalSection
EndGlobal
